// !$*UTF8*$!
{
	archiveVersion = 1;
	classes = {
	};
	objectVersion = 55;
	objects = {

/* Begin PBXBuildFile section */
		E20AD28828FBE7FB002C7716 /* UIView+Ext.swift in Sources */ = {isa = PBXBuildFile; fileRef = E20AD28728FBE7FB002C7716 /* UIView+Ext.swift */; };
		E20E1EA228D4597C0039C179 /* Follower.swift in Sources */ = {isa = PBXBuildFile; fileRef = E20E1EA128D4597C0039C179 /* Follower.swift */; };
		E20E1EA428D459D90039C179 /* User.swift in Sources */ = {isa = PBXBuildFile; fileRef = E20E1EA328D459D90039C179 /* User.swift */; };
		E20E1EA728D45E1A0039C179 /* NetworkManager.swift in Sources */ = {isa = PBXBuildFile; fileRef = E20E1EA628D45E1A0039C179 /* NetworkManager.swift */; };
		E219F6DD28F4882A008E0388 /* GFItemInfoView.swift in Sources */ = {isa = PBXBuildFile; fileRef = E219F6DC28F4882A008E0388 /* GFItemInfoView.swift */; };
		E2302C1A28F3FDA300F9BBB1 /* UserInfoVC.swift in Sources */ = {isa = PBXBuildFile; fileRef = E2302C1928F3FDA300F9BBB1 /* UserInfoVC.swift */; };
		E2302C1C28F408E700F9BBB1 /* GFError.swift in Sources */ = {isa = PBXBuildFile; fileRef = E2302C1B28F408E700F9BBB1 /* GFError.swift */; };
		E2302C1E28F410D400F9BBB1 /* GFUserInfoHeaderVC.swift in Sources */ = {isa = PBXBuildFile; fileRef = E2302C1D28F410D400F9BBB1 /* GFUserInfoHeaderVC.swift */; };
		E2302C2028F4112B00F9BBB1 /* GFSecondaryTitleLabel.swift in Sources */ = {isa = PBXBuildFile; fileRef = E2302C1F28F4112B00F9BBB1 /* GFSecondaryTitleLabel.swift */; };
		E2302C2228F425DF00F9BBB1 /* Constants.swift in Sources */ = {isa = PBXBuildFile; fileRef = E2302C2128F425DF00F9BBB1 /* Constants.swift */; };
		E26CF34D28F2BA0300A7365E /* GFEmptyStateView.swift in Sources */ = {isa = PBXBuildFile; fileRef = E26CF34C28F2BA0300A7365E /* GFEmptyStateView.swift */; };
		E275A52528D1AEC20020FE80 /* GFButton.swift in Sources */ = {isa = PBXBuildFile; fileRef = E275A52428D1AEC20020FE80 /* GFButton.swift */; };
		E275A52728D1B0A40020FE80 /* GFTextField.swift in Sources */ = {isa = PBXBuildFile; fileRef = E275A52628D1B0A40020FE80 /* GFTextField.swift */; };
		E275A52928D1BCDF0020FE80 /* FollowerListVC.swift in Sources */ = {isa = PBXBuildFile; fileRef = E275A52828D1BCDF0020FE80 /* FollowerListVC.swift */; };
		E275A52B28D1C12C0020FE80 /* GFTitleLabel.swift in Sources */ = {isa = PBXBuildFile; fileRef = E275A52A28D1C12C0020FE80 /* GFTitleLabel.swift */; };
		E275A52D28D1C4B90020FE80 /* GFBodyLabel.swift in Sources */ = {isa = PBXBuildFile; fileRef = E275A52C28D1C4B90020FE80 /* GFBodyLabel.swift */; };
		E275A52F28D1C8F80020FE80 /* GFAlertVC.swift in Sources */ = {isa = PBXBuildFile; fileRef = E275A52E28D1C8F80020FE80 /* GFAlertVC.swift */; };
		E275A53128D1CDC00020FE80 /* UIViewController+Ext.swift in Sources */ = {isa = PBXBuildFile; fileRef = E275A53028D1CDC00020FE80 /* UIViewController+Ext.swift */; };
		E27B699528F7E85A00053285 /* GFItemInfoVC.swift in Sources */ = {isa = PBXBuildFile; fileRef = E27B699428F7E85A00053285 /* GFItemInfoVC.swift */; };
		E27B699728F7EB8600053285 /* GFRepoItemVC.swift in Sources */ = {isa = PBXBuildFile; fileRef = E27B699628F7EB8600053285 /* GFRepoItemVC.swift */; };
		E27B699928F7EE6700053285 /* GFFollowerItemVC.swift in Sources */ = {isa = PBXBuildFile; fileRef = E27B699828F7EE6700053285 /* GFFollowerItemVC.swift */; };
		E27B699C28F7F9A400053285 /* Date+Ext.swift in Sources */ = {isa = PBXBuildFile; fileRef = E27B699B28F7F9A400053285 /* Date+Ext.swift */; };
		E27B699E28F7F9D500053285 /* String+Ext.swift in Sources */ = {isa = PBXBuildFile; fileRef = E27B699D28F7F9D500053285 /* String+Ext.swift */; };
		E284A6B928F9421B00259EBE /* PersistenceManager.swift in Sources */ = {isa = PBXBuildFile; fileRef = E284A6B828F9421B00259EBE /* PersistenceManager.swift */; };
		E284A6BB28F95B8D00259EBE /* FavoriteCell.swift in Sources */ = {isa = PBXBuildFile; fileRef = E284A6BA28F95B8D00259EBE /* FavoriteCell.swift */; };
		E29B082628D7019D00CBC4AB /* FollowerCell.swift in Sources */ = {isa = PBXBuildFile; fileRef = E29B082528D7019D00CBC4AB /* FollowerCell.swift */; };
		E29B082828D7024D00CBC4AB /* GFAvatarImageView.swift in Sources */ = {isa = PBXBuildFile; fileRef = E29B082728D7024D00CBC4AB /* GFAvatarImageView.swift */; };
		E29B082A28D7139800CBC4AB /* UIHelper.swift in Sources */ = {isa = PBXBuildFile; fileRef = E29B082928D7139800CBC4AB /* UIHelper.swift */; };
		E2BF1E0F28FA896900024828 /* GFTabBarController.swift in Sources */ = {isa = PBXBuildFile; fileRef = E2BF1E0E28FA896900024828 /* GFTabBarController.swift */; };
		E2BF1E1128FAA37A00024828 /* GFAlertContainerView.swift in Sources */ = {isa = PBXBuildFile; fileRef = E2BF1E1028FAA37A00024828 /* GFAlertContainerView.swift */; };
		E2BF1E1328FAB21200024828 /* GFDataLoadingVC.swift in Sources */ = {isa = PBXBuildFile; fileRef = E2BF1E1228FAB21200024828 /* GFDataLoadingVC.swift */; };
		E2E5178328D05C1400F6618D /* AppDelegate.swift in Sources */ = {isa = PBXBuildFile; fileRef = E2E5178228D05C1400F6618D /* AppDelegate.swift */; };
		E2E5178528D05C1400F6618D /* SceneDelegate.swift in Sources */ = {isa = PBXBuildFile; fileRef = E2E5178428D05C1400F6618D /* SceneDelegate.swift */; };
		E2E5178C28D05C1600F6618D /* Assets.xcassets in Resources */ = {isa = PBXBuildFile; fileRef = E2E5178B28D05C1600F6618D /* Assets.xcassets */; };
		E2E5178F28D05C1600F6618D /* LaunchScreen.storyboard in Resources */ = {isa = PBXBuildFile; fileRef = E2E5178D28D05C1600F6618D /* LaunchScreen.storyboard */; };
		E2E5179728D07AE200F6618D /* SearchVC.swift in Sources */ = {isa = PBXBuildFile; fileRef = E2E5179628D07AE200F6618D /* SearchVC.swift */; };
		E2E5179928D07B2800F6618D /* FavoritesListVC.swift in Sources */ = {isa = PBXBuildFile; fileRef = E2E5179828D07B2800F6618D /* FavoritesListVC.swift */; };
/* End PBXBuildFile section */

/* Begin PBXFileReference section */
		E20AD28728FBE7FB002C7716 /* UIView+Ext.swift */ = {isa = PBXFileReference; lastKnownFileType = sourcecode.swift; path = "UIView+Ext.swift"; sourceTree = "<group>"; };
		E20E1EA128D4597C0039C179 /* Follower.swift */ = {isa = PBXFileReference; lastKnownFileType = sourcecode.swift; path = Follower.swift; sourceTree = "<group>"; };
		E20E1EA328D459D90039C179 /* User.swift */ = {isa = PBXFileReference; lastKnownFileType = sourcecode.swift; path = User.swift; sourceTree = "<group>"; };
		E20E1EA628D45E1A0039C179 /* NetworkManager.swift */ = {isa = PBXFileReference; lastKnownFileType = sourcecode.swift; path = NetworkManager.swift; sourceTree = "<group>"; };
		E219F6DC28F4882A008E0388 /* GFItemInfoView.swift */ = {isa = PBXFileReference; lastKnownFileType = sourcecode.swift; path = GFItemInfoView.swift; sourceTree = "<group>"; };
		E2302C1928F3FDA300F9BBB1 /* UserInfoVC.swift */ = {isa = PBXFileReference; lastKnownFileType = sourcecode.swift; path = UserInfoVC.swift; sourceTree = "<group>"; };
		E2302C1B28F408E700F9BBB1 /* GFError.swift */ = {isa = PBXFileReference; lastKnownFileType = sourcecode.swift; path = GFError.swift; sourceTree = "<group>"; };
		E2302C1D28F410D400F9BBB1 /* GFUserInfoHeaderVC.swift */ = {isa = PBXFileReference; lastKnownFileType = sourcecode.swift; path = GFUserInfoHeaderVC.swift; sourceTree = "<group>"; };
		E2302C1F28F4112B00F9BBB1 /* GFSecondaryTitleLabel.swift */ = {isa = PBXFileReference; lastKnownFileType = sourcecode.swift; path = GFSecondaryTitleLabel.swift; sourceTree = "<group>"; };
		E2302C2128F425DF00F9BBB1 /* Constants.swift */ = {isa = PBXFileReference; lastKnownFileType = sourcecode.swift; path = Constants.swift; sourceTree = "<group>"; };
		E26CF34C28F2BA0300A7365E /* GFEmptyStateView.swift */ = {isa = PBXFileReference; lastKnownFileType = sourcecode.swift; path = GFEmptyStateView.swift; sourceTree = "<group>"; };
		E275A52428D1AEC20020FE80 /* GFButton.swift */ = {isa = PBXFileReference; lastKnownFileType = sourcecode.swift; path = GFButton.swift; sourceTree = "<group>"; };
		E275A52628D1B0A40020FE80 /* GFTextField.swift */ = {isa = PBXFileReference; lastKnownFileType = sourcecode.swift; path = GFTextField.swift; sourceTree = "<group>"; };
		E275A52828D1BCDF0020FE80 /* FollowerListVC.swift */ = {isa = PBXFileReference; lastKnownFileType = sourcecode.swift; path = FollowerListVC.swift; sourceTree = "<group>"; };
		E275A52A28D1C12C0020FE80 /* GFTitleLabel.swift */ = {isa = PBXFileReference; lastKnownFileType = sourcecode.swift; path = GFTitleLabel.swift; sourceTree = "<group>"; };
		E275A52C28D1C4B90020FE80 /* GFBodyLabel.swift */ = {isa = PBXFileReference; lastKnownFileType = sourcecode.swift; path = GFBodyLabel.swift; sourceTree = "<group>"; };
		E275A52E28D1C8F80020FE80 /* GFAlertVC.swift */ = {isa = PBXFileReference; lastKnownFileType = sourcecode.swift; path = GFAlertVC.swift; sourceTree = "<group>"; };
		E275A53028D1CDC00020FE80 /* UIViewController+Ext.swift */ = {isa = PBXFileReference; lastKnownFileType = sourcecode.swift; path = "UIViewController+Ext.swift"; sourceTree = "<group>"; };
		E27B699428F7E85A00053285 /* GFItemInfoVC.swift */ = {isa = PBXFileReference; lastKnownFileType = sourcecode.swift; path = GFItemInfoVC.swift; sourceTree = "<group>"; };
		E27B699628F7EB8600053285 /* GFRepoItemVC.swift */ = {isa = PBXFileReference; lastKnownFileType = sourcecode.swift; path = GFRepoItemVC.swift; sourceTree = "<group>"; };
		E27B699828F7EE6700053285 /* GFFollowerItemVC.swift */ = {isa = PBXFileReference; lastKnownFileType = sourcecode.swift; path = GFFollowerItemVC.swift; sourceTree = "<group>"; };
		E27B699B28F7F9A400053285 /* Date+Ext.swift */ = {isa = PBXFileReference; lastKnownFileType = sourcecode.swift; path = "Date+Ext.swift"; sourceTree = "<group>"; };
		E27B699D28F7F9D500053285 /* String+Ext.swift */ = {isa = PBXFileReference; lastKnownFileType = sourcecode.swift; path = "String+Ext.swift"; sourceTree = "<group>"; };
		E284A6B828F9421B00259EBE /* PersistenceManager.swift */ = {isa = PBXFileReference; lastKnownFileType = sourcecode.swift; path = PersistenceManager.swift; sourceTree = "<group>"; };
		E284A6BA28F95B8D00259EBE /* FavoriteCell.swift */ = {isa = PBXFileReference; lastKnownFileType = sourcecode.swift; path = FavoriteCell.swift; sourceTree = "<group>"; };
		E29B082528D7019D00CBC4AB /* FollowerCell.swift */ = {isa = PBXFileReference; lastKnownFileType = sourcecode.swift; path = FollowerCell.swift; sourceTree = "<group>"; };
		E29B082728D7024D00CBC4AB /* GFAvatarImageView.swift */ = {isa = PBXFileReference; lastKnownFileType = sourcecode.swift; path = GFAvatarImageView.swift; sourceTree = "<group>"; };
		E29B082928D7139800CBC4AB /* UIHelper.swift */ = {isa = PBXFileReference; lastKnownFileType = sourcecode.swift; path = UIHelper.swift; sourceTree = "<group>"; };
		E2BF1E0E28FA896900024828 /* GFTabBarController.swift */ = {isa = PBXFileReference; lastKnownFileType = sourcecode.swift; path = GFTabBarController.swift; sourceTree = "<group>"; };
		E2BF1E1028FAA37A00024828 /* GFAlertContainerView.swift */ = {isa = PBXFileReference; lastKnownFileType = sourcecode.swift; path = GFAlertContainerView.swift; sourceTree = "<group>"; };
		E2BF1E1228FAB21200024828 /* GFDataLoadingVC.swift */ = {isa = PBXFileReference; lastKnownFileType = sourcecode.swift; path = GFDataLoadingVC.swift; sourceTree = "<group>"; };
		E2E5177F28D05C1400F6618D /* GithubFollowers.app */ = {isa = PBXFileReference; explicitFileType = wrapper.application; includeInIndex = 0; path = GithubFollowers.app; sourceTree = BUILT_PRODUCTS_DIR; };
		E2E5178228D05C1400F6618D /* AppDelegate.swift */ = {isa = PBXFileReference; lastKnownFileType = sourcecode.swift; path = AppDelegate.swift; sourceTree = "<group>"; };
		E2E5178428D05C1400F6618D /* SceneDelegate.swift */ = {isa = PBXFileReference; lastKnownFileType = sourcecode.swift; path = SceneDelegate.swift; sourceTree = "<group>"; };
		E2E5178B28D05C1600F6618D /* Assets.xcassets */ = {isa = PBXFileReference; lastKnownFileType = folder.assetcatalog; path = Assets.xcassets; sourceTree = "<group>"; };
		E2E5178E28D05C1600F6618D /* Base */ = {isa = PBXFileReference; lastKnownFileType = file.storyboard; name = Base; path = Base.lproj/LaunchScreen.storyboard; sourceTree = "<group>"; };
		E2E5179028D05C1600F6618D /* Info.plist */ = {isa = PBXFileReference; lastKnownFileType = text.plist.xml; path = Info.plist; sourceTree = "<group>"; };
		E2E5179628D07AE200F6618D /* SearchVC.swift */ = {isa = PBXFileReference; lastKnownFileType = sourcecode.swift; path = SearchVC.swift; sourceTree = "<group>"; };
		E2E5179828D07B2800F6618D /* FavoritesListVC.swift */ = {isa = PBXFileReference; lastKnownFileType = sourcecode.swift; path = FavoritesListVC.swift; sourceTree = "<group>"; };
/* End PBXFileReference section */

/* Begin PBXFrameworksBuildPhase section */
		E2E5177C28D05C1400F6618D /* Frameworks */ = {
			isa = PBXFrameworksBuildPhase;
			buildActionMask = 2147483647;
			files = (
			);
			runOnlyForDeploymentPostprocessing = 0;
		};
/* End PBXFrameworksBuildPhase section */

/* Begin PBXGroup section */
		E20E1EA028D459670039C179 /* Model */ = {
			isa = PBXGroup;
			children = (
				E20E1EA128D4597C0039C179 /* Follower.swift */,
				E20E1EA328D459D90039C179 /* User.swift */,
			);
			path = Model;
			sourceTree = "<group>";
		};
		E20E1EA528D45DD90039C179 /* Managers */ = {
			isa = PBXGroup;
			children = (
				E20E1EA628D45E1A0039C179 /* NetworkManager.swift */,
				E284A6B828F9421B00259EBE /* PersistenceManager.swift */,
			);
			path = Managers;
			sourceTree = "<group>";
		};
		E20E1EA828D46B330039C179 /* Utilities */ = {
			isa = PBXGroup;
			children = (
				E29B082928D7139800CBC4AB /* UIHelper.swift */,
				E2302C1B28F408E700F9BBB1 /* GFError.swift */,
				E2302C2128F425DF00F9BBB1 /* Constants.swift */,
			);
			path = Utilities;
			sourceTree = "<group>";
		};
		E26CF34628F2B93E00A7365E /* Views */ = {
			isa = PBXGroup;
			children = (
				E26CF34C28F2BA0300A7365E /* GFEmptyStateView.swift */,
				E219F6DC28F4882A008E0388 /* GFItemInfoView.swift */,
				E2BF1E1028FAA37A00024828 /* GFAlertContainerView.swift */,
			);
			path = Views;
			sourceTree = "<group>";
		};
		E26CF34728F2B94800A7365E /* Buttons */ = {
			isa = PBXGroup;
			children = (
				E275A52428D1AEC20020FE80 /* GFButton.swift */,
			);
			path = Buttons;
			sourceTree = "<group>";
		};
		E26CF34828F2B94F00A7365E /* TextFields */ = {
			isa = PBXGroup;
			children = (
				E275A52628D1B0A40020FE80 /* GFTextField.swift */,
			);
			path = TextFields;
			sourceTree = "<group>";
		};
		E26CF34928F2B95500A7365E /* ImageViews */ = {
			isa = PBXGroup;
			children = (
				E29B082728D7024D00CBC4AB /* GFAvatarImageView.swift */,
			);
			path = ImageViews;
			sourceTree = "<group>";
		};
		E26CF34A28F2B95F00A7365E /* ViewControllers */ = {
			isa = PBXGroup;
			children = (
				E27B699A28F7EEC900053285 /* ItemInfoVCs */,
				E275A52E28D1C8F80020FE80 /* GFAlertVC.swift */,
				E2302C1D28F410D400F9BBB1 /* GFUserInfoHeaderVC.swift */,
				E2BF1E1228FAB21200024828 /* GFDataLoadingVC.swift */,
			);
			path = ViewControllers;
			sourceTree = "<group>";
		};
		E26CF34B28F2B98000A7365E /* Labels */ = {
			isa = PBXGroup;
			children = (
				E275A52A28D1C12C0020FE80 /* GFTitleLabel.swift */,
				E275A52C28D1C4B90020FE80 /* GFBodyLabel.swift */,
				E2302C1F28F4112B00F9BBB1 /* GFSecondaryTitleLabel.swift */,
			);
			path = Labels;
			sourceTree = "<group>";
		};
		E275A53228D1D23C0020FE80 /* Screens */ = {
			isa = PBXGroup;
			children = (
				E2E5179628D07AE200F6618D /* SearchVC.swift */,
				E2E5179828D07B2800F6618D /* FavoritesListVC.swift */,
				E275A52828D1BCDF0020FE80 /* FollowerListVC.swift */,
				E2302C1928F3FDA300F9BBB1 /* UserInfoVC.swift */,
			);
			path = Screens;
			sourceTree = "<group>";
		};
		E275A53328D1D2610020FE80 /* Custom Views */ = {
			isa = PBXGroup;
			children = (
				E2BF1E0D28FA894B00024828 /* TabBarController */,
				E26CF34B28F2B98000A7365E /* Labels */,
				E26CF34928F2B95500A7365E /* ImageViews */,
				E26CF34828F2B94F00A7365E /* TextFields */,
				E26CF34728F2B94800A7365E /* Buttons */,
				E26CF34628F2B93E00A7365E /* Views */,
				E26CF34A28F2B95F00A7365E /* ViewControllers */,
				E29B082428D7017C00CBC4AB /* Cells */,
			);
			path = "Custom Views";
			sourceTree = "<group>";
		};
		E275A53428D1D2950020FE80 /* Extensions */ = {
			isa = PBXGroup;
			children = (
				E275A53028D1CDC00020FE80 /* UIViewController+Ext.swift */,
				E27B699B28F7F9A400053285 /* Date+Ext.swift */,
				E27B699D28F7F9D500053285 /* String+Ext.swift */,
				E20AD28728FBE7FB002C7716 /* UIView+Ext.swift */,
			);
			path = Extensions;
			sourceTree = "<group>";
		};
		E275A53528D1D2CB0020FE80 /* Support */ = {
			isa = PBXGroup;
			children = (
				E2E5178228D05C1400F6618D /* AppDelegate.swift */,
				E2E5178428D05C1400F6618D /* SceneDelegate.swift */,
				E2E5178B28D05C1600F6618D /* Assets.xcassets */,
				E2E5178D28D05C1600F6618D /* LaunchScreen.storyboard */,
				E2E5179028D05C1600F6618D /* Info.plist */,
			);
			path = Support;
			sourceTree = "<group>";
		};
		E27B699A28F7EEC900053285 /* ItemInfoVCs */ = {
			isa = PBXGroup;
			children = (
				E27B699428F7E85A00053285 /* GFItemInfoVC.swift */,
				E27B699628F7EB8600053285 /* GFRepoItemVC.swift */,
				E27B699828F7EE6700053285 /* GFFollowerItemVC.swift */,
			);
			path = ItemInfoVCs;
			sourceTree = "<group>";
		};
		E29B082428D7017C00CBC4AB /* Cells */ = {
			isa = PBXGroup;
			children = (
				E29B082528D7019D00CBC4AB /* FollowerCell.swift */,
				E284A6BA28F95B8D00259EBE /* FavoriteCell.swift */,
			);
			path = Cells;
			sourceTree = "<group>";
		};
		E2BF1E0D28FA894B00024828 /* TabBarController */ = {
			isa = PBXGroup;
			children = (
				E2BF1E0E28FA896900024828 /* GFTabBarController.swift */,
			);
			path = TabBarController;
			sourceTree = "<group>";
		};
		E2E5177628D05C1400F6618D = {
			isa = PBXGroup;
			children = (
				E2E5178128D05C1400F6618D /* GithubFollowers */,
				E2E5178028D05C1400F6618D /* Products */,
			);
			sourceTree = "<group>";
		};
		E2E5178028D05C1400F6618D /* Products */ = {
			isa = PBXGroup;
			children = (
				E2E5177F28D05C1400F6618D /* GithubFollowers.app */,
			);
			name = Products;
			sourceTree = "<group>";
		};
		E2E5178128D05C1400F6618D /* GithubFollowers */ = {
			isa = PBXGroup;
			children = (
				E20E1EA828D46B330039C179 /* Utilities */,
				E20E1EA528D45DD90039C179 /* Managers */,
				E20E1EA028D459670039C179 /* Model */,
				E275A53428D1D2950020FE80 /* Extensions */,
				E275A53328D1D2610020FE80 /* Custom Views */,
				E275A53228D1D23C0020FE80 /* Screens */,
				E275A53528D1D2CB0020FE80 /* Support */,
			);
			path = GithubFollowers;
			sourceTree = "<group>";
		};
/* End PBXGroup section */

/* Begin PBXNativeTarget section */
		E2E5177E28D05C1400F6618D /* GithubFollowers */ = {
			isa = PBXNativeTarget;
			buildConfigurationList = E2E5179328D05C1600F6618D /* Build configuration list for PBXNativeTarget "GithubFollowers" */;
			buildPhases = (
				E2E5177B28D05C1400F6618D /* Sources */,
				E2E5177C28D05C1400F6618D /* Frameworks */,
				E2E5177D28D05C1400F6618D /* Resources */,
			);
			buildRules = (
			);
			dependencies = (
			);
			name = GithubFollowers;
			productName = GithubFollowers;
			productReference = E2E5177F28D05C1400F6618D /* GithubFollowers.app */;
			productType = "com.apple.product-type.application";
		};
/* End PBXNativeTarget section */

/* Begin PBXProject section */
		E2E5177728D05C1400F6618D /* Project object */ = {
			isa = PBXProject;
			attributes = {
				BuildIndependentTargetsInParallel = 1;
				LastSwiftUpdateCheck = 1340;
				LastUpgradeCheck = 1340;
				TargetAttributes = {
					E2E5177E28D05C1400F6618D = {
						CreatedOnToolsVersion = 13.4.1;
					};
				};
			};
			buildConfigurationList = E2E5177A28D05C1400F6618D /* Build configuration list for PBXProject "GithubFollowers" */;
			compatibilityVersion = "Xcode 13.0";
			developmentRegion = en;
			hasScannedForEncodings = 0;
			knownRegions = (
				en,
				Base,
			);
			mainGroup = E2E5177628D05C1400F6618D;
			productRefGroup = E2E5178028D05C1400F6618D /* Products */;
			projectDirPath = "";
			projectRoot = "";
			targets = (
				E2E5177E28D05C1400F6618D /* GithubFollowers */,
			);
		};
/* End PBXProject section */

/* Begin PBXResourcesBuildPhase section */
		E2E5177D28D05C1400F6618D /* Resources */ = {
			isa = PBXResourcesBuildPhase;
			buildActionMask = 2147483647;
			files = (
				E2E5178F28D05C1600F6618D /* LaunchScreen.storyboard in Resources */,
				E2E5178C28D05C1600F6618D /* Assets.xcassets in Resources */,
			);
			runOnlyForDeploymentPostprocessing = 0;
		};
/* End PBXResourcesBuildPhase section */

/* Begin PBXSourcesBuildPhase section */
		E2E5177B28D05C1400F6618D /* Sources */ = {
			isa = PBXSourcesBuildPhase;
			buildActionMask = 2147483647;
			files = (
				E20E1EA428D459D90039C179 /* User.swift in Sources */,
				E275A52728D1B0A40020FE80 /* GFTextField.swift in Sources */,
				E2E5179928D07B2800F6618D /* FavoritesListVC.swift in Sources */,
				E27B699E28F7F9D500053285 /* String+Ext.swift in Sources */,
				E275A52528D1AEC20020FE80 /* GFButton.swift in Sources */,
				E275A53128D1CDC00020FE80 /* UIViewController+Ext.swift in Sources */,
				E2BF1E1328FAB21200024828 /* GFDataLoadingVC.swift in Sources */,
				E29B082A28D7139800CBC4AB /* UIHelper.swift in Sources */,
				E27B699528F7E85A00053285 /* GFItemInfoVC.swift in Sources */,
				E2302C2228F425DF00F9BBB1 /* Constants.swift in Sources */,
				E29B082828D7024D00CBC4AB /* GFAvatarImageView.swift in Sources */,
				E2E5179728D07AE200F6618D /* SearchVC.swift in Sources */,
				E275A52F28D1C8F80020FE80 /* GFAlertVC.swift in Sources */,
				E27B699928F7EE6700053285 /* GFFollowerItemVC.swift in Sources */,
				E219F6DD28F4882A008E0388 /* GFItemInfoView.swift in Sources */,
				E284A6BB28F95B8D00259EBE /* FavoriteCell.swift in Sources */,
				E29B082628D7019D00CBC4AB /* FollowerCell.swift in Sources */,
				E2BF1E0F28FA896900024828 /* GFTabBarController.swift in Sources */,
				E275A52D28D1C4B90020FE80 /* GFBodyLabel.swift in Sources */,
				E2302C1E28F410D400F9BBB1 /* GFUserInfoHeaderVC.swift in Sources */,
				E2302C1C28F408E700F9BBB1 /* GFError.swift in Sources */,
				E20E1EA228D4597C0039C179 /* Follower.swift in Sources */,
				E2BF1E1128FAA37A00024828 /* GFAlertContainerView.swift in Sources */,
				E275A52B28D1C12C0020FE80 /* GFTitleLabel.swift in Sources */,
				E27B699C28F7F9A400053285 /* Date+Ext.swift in Sources */,
				E284A6B928F9421B00259EBE /* PersistenceManager.swift in Sources */,
				E2302C2028F4112B00F9BBB1 /* GFSecondaryTitleLabel.swift in Sources */,
				E26CF34D28F2BA0300A7365E /* GFEmptyStateView.swift in Sources */,
				E20E1EA728D45E1A0039C179 /* NetworkManager.swift in Sources */,
				E275A52928D1BCDF0020FE80 /* FollowerListVC.swift in Sources */,
				E2E5178328D05C1400F6618D /* AppDelegate.swift in Sources */,
				E2E5178528D05C1400F6618D /* SceneDelegate.swift in Sources */,
				E20AD28828FBE7FB002C7716 /* UIView+Ext.swift in Sources */,
				E27B699728F7EB8600053285 /* GFRepoItemVC.swift in Sources */,
				E2302C1A28F3FDA300F9BBB1 /* UserInfoVC.swift in Sources */,
			);
			runOnlyForDeploymentPostprocessing = 0;
		};
/* End PBXSourcesBuildPhase section */

/* Begin PBXVariantGroup section */
		E2E5178D28D05C1600F6618D /* LaunchScreen.storyboard */ = {
			isa = PBXVariantGroup;
			children = (
				E2E5178E28D05C1600F6618D /* Base */,
			);
			name = LaunchScreen.storyboard;
			sourceTree = "<group>";
		};
/* End PBXVariantGroup section */

/* Begin XCBuildConfiguration section */
		E2E5179128D05C1600F6618D /* Debug */ = {
			isa = XCBuildConfiguration;
			buildSettings = {
				ALWAYS_SEARCH_USER_PATHS = NO;
				CLANG_ANALYZER_NONNULL = YES;
				CLANG_ANALYZER_NUMBER_OBJECT_CONVERSION = YES_AGGRESSIVE;
				CLANG_CXX_LANGUAGE_STANDARD = "gnu++17";
				CLANG_ENABLE_MODULES = YES;
				CLANG_ENABLE_OBJC_ARC = YES;
				CLANG_ENABLE_OBJC_WEAK = YES;
				CLANG_WARN_BLOCK_CAPTURE_AUTORELEASING = YES;
				CLANG_WARN_BOOL_CONVERSION = YES;
				CLANG_WARN_COMMA = YES;
				CLANG_WARN_CONSTANT_CONVERSION = YES;
				CLANG_WARN_DEPRECATED_OBJC_IMPLEMENTATIONS = YES;
				CLANG_WARN_DIRECT_OBJC_ISA_USAGE = YES_ERROR;
				CLANG_WARN_DOCUMENTATION_COMMENTS = YES;
				CLANG_WARN_EMPTY_BODY = YES;
				CLANG_WARN_ENUM_CONVERSION = YES;
				CLANG_WARN_INFINITE_RECURSION = YES;
				CLANG_WARN_INT_CONVERSION = YES;
				CLANG_WARN_NON_LITERAL_NULL_CONVERSION = YES;
				CLANG_WARN_OBJC_IMPLICIT_RETAIN_SELF = YES;
				CLANG_WARN_OBJC_LITERAL_CONVERSION = YES;
				CLANG_WARN_OBJC_ROOT_CLASS = YES_ERROR;
				CLANG_WARN_QUOTED_INCLUDE_IN_FRAMEWORK_HEADER = YES;
				CLANG_WARN_RANGE_LOOP_ANALYSIS = YES;
				CLANG_WARN_STRICT_PROTOTYPES = YES;
				CLANG_WARN_SUSPICIOUS_MOVE = YES;
				CLANG_WARN_UNGUARDED_AVAILABILITY = YES_AGGRESSIVE;
				CLANG_WARN_UNREACHABLE_CODE = YES;
				CLANG_WARN__DUPLICATE_METHOD_MATCH = YES;
				COPY_PHASE_STRIP = NO;
				DEBUG_INFORMATION_FORMAT = dwarf;
				ENABLE_STRICT_OBJC_MSGSEND = YES;
				ENABLE_TESTABILITY = YES;
				GCC_C_LANGUAGE_STANDARD = gnu11;
				GCC_DYNAMIC_NO_PIC = NO;
				GCC_NO_COMMON_BLOCKS = YES;
				GCC_OPTIMIZATION_LEVEL = 0;
				GCC_PREPROCESSOR_DEFINITIONS = (
					"DEBUG=1",
					"$(inherited)",
				);
				GCC_WARN_64_TO_32_BIT_CONVERSION = YES;
				GCC_WARN_ABOUT_RETURN_TYPE = YES_ERROR;
				GCC_WARN_UNDECLARED_SELECTOR = YES;
				GCC_WARN_UNINITIALIZED_AUTOS = YES_AGGRESSIVE;
				GCC_WARN_UNUSED_FUNCTION = YES;
				GCC_WARN_UNUSED_VARIABLE = YES;
				IPHONEOS_DEPLOYMENT_TARGET = 15.5;
				MTL_ENABLE_DEBUG_INFO = INCLUDE_SOURCE;
				MTL_FAST_MATH = YES;
				ONLY_ACTIVE_ARCH = YES;
				SDKROOT = iphoneos;
				SWIFT_ACTIVE_COMPILATION_CONDITIONS = DEBUG;
				SWIFT_OPTIMIZATION_LEVEL = "-Onone";
			};
			name = Debug;
		};
		E2E5179228D05C1600F6618D /* Release */ = {
			isa = XCBuildConfiguration;
			buildSettings = {
				ALWAYS_SEARCH_USER_PATHS = NO;
				CLANG_ANALYZER_NONNULL = YES;
				CLANG_ANALYZER_NUMBER_OBJECT_CONVERSION = YES_AGGRESSIVE;
				CLANG_CXX_LANGUAGE_STANDARD = "gnu++17";
				CLANG_ENABLE_MODULES = YES;
				CLANG_ENABLE_OBJC_ARC = YES;
				CLANG_ENABLE_OBJC_WEAK = YES;
				CLANG_WARN_BLOCK_CAPTURE_AUTORELEASING = YES;
				CLANG_WARN_BOOL_CONVERSION = YES;
				CLANG_WARN_COMMA = YES;
				CLANG_WARN_CONSTANT_CONVERSION = YES;
				CLANG_WARN_DEPRECATED_OBJC_IMPLEMENTATIONS = YES;
				CLANG_WARN_DIRECT_OBJC_ISA_USAGE = YES_ERROR;
				CLANG_WARN_DOCUMENTATION_COMMENTS = YES;
				CLANG_WARN_EMPTY_BODY = YES;
				CLANG_WARN_ENUM_CONVERSION = YES;
				CLANG_WARN_INFINITE_RECURSION = YES;
				CLANG_WARN_INT_CONVERSION = YES;
				CLANG_WARN_NON_LITERAL_NULL_CONVERSION = YES;
				CLANG_WARN_OBJC_IMPLICIT_RETAIN_SELF = YES;
				CLANG_WARN_OBJC_LITERAL_CONVERSION = YES;
				CLANG_WARN_OBJC_ROOT_CLASS = YES_ERROR;
				CLANG_WARN_QUOTED_INCLUDE_IN_FRAMEWORK_HEADER = YES;
				CLANG_WARN_RANGE_LOOP_ANALYSIS = YES;
				CLANG_WARN_STRICT_PROTOTYPES = YES;
				CLANG_WARN_SUSPICIOUS_MOVE = YES;
				CLANG_WARN_UNGUARDED_AVAILABILITY = YES_AGGRESSIVE;
				CLANG_WARN_UNREACHABLE_CODE = YES;
				CLANG_WARN__DUPLICATE_METHOD_MATCH = YES;
				COPY_PHASE_STRIP = NO;
				DEBUG_INFORMATION_FORMAT = "dwarf-with-dsym";
				ENABLE_NS_ASSERTIONS = NO;
				ENABLE_STRICT_OBJC_MSGSEND = YES;
				GCC_C_LANGUAGE_STANDARD = gnu11;
				GCC_NO_COMMON_BLOCKS = YES;
				GCC_WARN_64_TO_32_BIT_CONVERSION = YES;
				GCC_WARN_ABOUT_RETURN_TYPE = YES_ERROR;
				GCC_WARN_UNDECLARED_SELECTOR = YES;
				GCC_WARN_UNINITIALIZED_AUTOS = YES_AGGRESSIVE;
				GCC_WARN_UNUSED_FUNCTION = YES;
				GCC_WARN_UNUSED_VARIABLE = YES;
				IPHONEOS_DEPLOYMENT_TARGET = 15.5;
				MTL_ENABLE_DEBUG_INFO = NO;
				MTL_FAST_MATH = YES;
				SDKROOT = iphoneos;
				SWIFT_COMPILATION_MODE = wholemodule;
				SWIFT_OPTIMIZATION_LEVEL = "-O";
				VALIDATE_PRODUCT = YES;
			};
			name = Release;
		};
		E2E5179428D05C1600F6618D /* Debug */ = {
			isa = XCBuildConfiguration;
			buildSettings = {
				ASSETCATALOG_COMPILER_APPICON_NAME = AppIcon;
				ASSETCATALOG_COMPILER_GLOBAL_ACCENT_COLOR_NAME = AccentColor;
				CODE_SIGN_IDENTITY = "Apple Development";
				CODE_SIGN_STYLE = Automatic;
				CURRENT_PROJECT_VERSION = 1;
				DEVELOPMENT_TEAM = BXBLM9X8VJ;
				GENERATE_INFOPLIST_FILE = YES;
				INFOPLIST_FILE = GithubFollowers/Support/Info.plist;
				INFOPLIST_KEY_UIApplicationSupportsIndirectInputEvents = YES;
				INFOPLIST_KEY_UILaunchStoryboardName = LaunchScreen;
				INFOPLIST_KEY_UISupportedInterfaceOrientations = UIInterfaceOrientationPortrait;
				INFOPLIST_KEY_UISupportedInterfaceOrientations_iPad = "UIInterfaceOrientationPortrait UIInterfaceOrientationPortraitUpsideDown UIInterfaceOrientationLandscapeLeft UIInterfaceOrientationLandscapeRight";
				INFOPLIST_KEY_UISupportedInterfaceOrientations_iPhone = "UIInterfaceOrientationPortrait UIInterfaceOrientationLandscapeLeft UIInterfaceOrientationLandscapeRight";
				IPHONEOS_DEPLOYMENT_TARGET = 13.2;
				LD_RUNPATH_SEARCH_PATHS = (
					"$(inherited)",
					"@executable_path/Frameworks",
				);
				MARKETING_VERSION = 1.0;
				PRODUCT_BUNDLE_IDENTIFIER = myzk.GithubFollowers;
				PRODUCT_NAME = "$(TARGET_NAME)";
				PROVISIONING_PROFILE_SPECIFIER = "";
				SWIFT_EMIT_LOC_STRINGS = YES;
				SWIFT_VERSION = 5.0;
				TARGETED_DEVICE_FAMILY = 1;
			};
			name = Debug;
		};
		E2E5179528D05C1600F6618D /* Release */ = {
			isa = XCBuildConfiguration;
			buildSettings = {
				ASSETCATALOG_COMPILER_APPICON_NAME = AppIcon;
				ASSETCATALOG_COMPILER_GLOBAL_ACCENT_COLOR_NAME = AccentColor;
				CODE_SIGN_IDENTITY = "Apple Development";
				CODE_SIGN_STYLE = Automatic;
				CURRENT_PROJECT_VERSION = 1;
				DEVELOPMENT_TEAM = BXBLM9X8VJ;
				GENERATE_INFOPLIST_FILE = YES;
				INFOPLIST_FILE = GithubFollowers/Support/Info.plist;
				INFOPLIST_KEY_UIApplicationSupportsIndirectInputEvents = YES;
				INFOPLIST_KEY_UILaunchStoryboardName = LaunchScreen;
				INFOPLIST_KEY_UISupportedInterfaceOrientations = UIInterfaceOrientationPortrait;
				INFOPLIST_KEY_UISupportedInterfaceOrientations_iPad = "UIInterfaceOrientationPortrait UIInterfaceOrientationPortraitUpsideDown UIInterfaceOrientationLandscapeLeft UIInterfaceOrientationLandscapeRight";
				INFOPLIST_KEY_UISupportedInterfaceOrientations_iPhone = "UIInterfaceOrientationPortrait UIInterfaceOrientationLandscapeLeft UIInterfaceOrientationLandscapeRight";
				IPHONEOS_DEPLOYMENT_TARGET = 13.2;
				LD_RUNPATH_SEARCH_PATHS = (
					"$(inherited)",
					"@executable_path/Frameworks",
				);
				MARKETING_VERSION = 1.0;
				PRODUCT_BUNDLE_IDENTIFIER = myzk.GithubFollowers;
				PRODUCT_NAME = "$(TARGET_NAME)";
				PROVISIONING_PROFILE_SPECIFIER = "";
				SWIFT_EMIT_LOC_STRINGS = YES;
				SWIFT_VERSION = 5.0;
				TARGETED_DEVICE_FAMILY = 1;
			};
			name = Release;
		};
/* End XCBuildConfiguration section */

/* Begin XCConfigurationList section */
		E2E5177A28D05C1400F6618D /* Build configuration list for PBXProject "GithubFollowers" */ = {
			isa = XCConfigurationList;
			buildConfigurations = (
				E2E5179128D05C1600F6618D /* Debug */,
				E2E5179228D05C1600F6618D /* Release */,
			);
			defaultConfigurationIsVisible = 0;
			defaultConfigurationName = Release;
		};
		E2E5179328D05C1600F6618D /* Build configuration list for PBXNativeTarget "GithubFollowers" */ = {
			isa = XCConfigurationList;
			buildConfigurations = (
				E2E5179428D05C1600F6618D /* Debug */,
				E2E5179528D05C1600F6618D /* Release */,
			);
			defaultConfigurationIsVisible = 0;
			defaultConfigurationName = Release;
		};
/* End XCConfigurationList section */
	};
	rootObject = E2E5177728D05C1400F6618D /* Project object */;
}
